// !$*UTF8*$!
{
	archiveVersion = 1;
	classes = {
	};
	objectVersion = 56;
	objects = {

/* Begin PBXBuildFile section */
		33BA11BA2BCE4452008166A8 /* AppDelegate.swift in Sources */ = {isa = PBXBuildFile; fileRef = 33BA11B92BCE4452008166A8 /* AppDelegate.swift */; };
		33BA11BC2BCE4452008166A8 /* SceneDelegate.swift in Sources */ = {isa = PBXBuildFile; fileRef = 33BA11BB2BCE4452008166A8 /* SceneDelegate.swift */; };
		33BA11BE2BCE4452008166A8 /* ViewController.swift in Sources */ = {isa = PBXBuildFile; fileRef = 33BA11BD2BCE4452008166A8 /* ViewController.swift */; };
		33BA11C12BCE4452008166A8 /* Base in Resources */ = {isa = PBXBuildFile; fileRef = 33BA11C02BCE4452008166A8 /* Base */; };
		33BA11C32BCE4453008166A8 /* Assets.xcassets in Resources */ = {isa = PBXBuildFile; fileRef = 33BA11C22BCE4453008166A8 /* Assets.xcassets */; };
		33BA11C62BCE4453008166A8 /* Base in Resources */ = {isa = PBXBuildFile; fileRef = 33BA11C52BCE4453008166A8 /* Base */; };
		33BA11D12BCE4453008166A8 /* rosy_elephant_iPadTests.swift in Sources */ = {isa = PBXBuildFile; fileRef = 33BA11D02BCE4453008166A8 /* rosy_elephant_iPadTests.swift */; };
		33BA11DB2BCE4453008166A8 /* rosy_elephant_iPadUITests.swift in Sources */ = {isa = PBXBuildFile; fileRef = 33BA11DA2BCE4453008166A8 /* rosy_elephant_iPadUITests.swift */; };
		33BA11DD2BCE4453008166A8 /* rosy_elephant_iPadUITestsLaunchTests.swift in Sources */ = {isa = PBXBuildFile; fileRef = 33BA11DC2BCE4453008166A8 /* rosy_elephant_iPadUITestsLaunchTests.swift */; };
/* End PBXBuildFile section */

/* Begin PBXContainerItemProxy section */
		33BA11CD2BCE4453008166A8 /* PBXContainerItemProxy */ = {
			isa = PBXContainerItemProxy;
			containerPortal = 33BA11AE2BCE4452008166A8 /* Project object */;
			proxyType = 1;
			remoteGlobalIDString = 33BA11B52BCE4452008166A8;
			remoteInfo = "rosy_elephant-iPad";
		};
		33BA11D72BCE4453008166A8 /* PBXContainerItemProxy */ = {
			isa = PBXContainerItemProxy;
			containerPortal = 33BA11AE2BCE4452008166A8 /* Project object */;
			proxyType = 1;
			remoteGlobalIDString = 33BA11B52BCE4452008166A8;
			remoteInfo = "rosy_elephant-iPad";
		};
/* End PBXContainerItemProxy section */

/* Begin PBXFileReference section */
		33BA11B62BCE4452008166A8 /* rosy_elephant-iPad.app */ = {isa = PBXFileReference; explicitFileType = wrapper.application; includeInIndex = 0; path = "rosy_elephant-iPad.app"; sourceTree = BUILT_PRODUCTS_DIR; };
		33BA11B92BCE4452008166A8 /* AppDelegate.swift */ = {isa = PBXFileReference; lastKnownFileType = sourcecode.swift; path = AppDelegate.swift; sourceTree = "<group>"; };
		33BA11BB2BCE4452008166A8 /* SceneDelegate.swift */ = {isa = PBXFileReference; lastKnownFileType = sourcecode.swift; path = SceneDelegate.swift; sourceTree = "<group>"; };
		33BA11BD2BCE4452008166A8 /* ViewController.swift */ = {isa = PBXFileReference; lastKnownFileType = sourcecode.swift; path = ViewController.swift; sourceTree = "<group>"; };
		33BA11C02BCE4452008166A8 /* Base */ = {isa = PBXFileReference; lastKnownFileType = file.storyboard; name = Base; path = Base.lproj/Main.storyboard; sourceTree = "<group>"; };
		33BA11C22BCE4453008166A8 /* Assets.xcassets */ = {isa = PBXFileReference; lastKnownFileType = folder.assetcatalog; path = Assets.xcassets; sourceTree = "<group>"; };
		33BA11C52BCE4453008166A8 /* Base */ = {isa = PBXFileReference; lastKnownFileType = file.storyboard; name = Base; path = Base.lproj/LaunchScreen.storyboard; sourceTree = "<group>"; };
		33BA11C72BCE4453008166A8 /* Info.plist */ = {isa = PBXFileReference; lastKnownFileType = text.plist.xml; path = Info.plist; sourceTree = "<group>"; };
		33BA11CC2BCE4453008166A8 /* rosy_elephant-iPadTests.xctest */ = {isa = PBXFileReference; explicitFileType = wrapper.cfbundle; includeInIndex = 0; path = "rosy_elephant-iPadTests.xctest"; sourceTree = BUILT_PRODUCTS_DIR; };
		33BA11D02BCE4453008166A8 /* rosy_elephant_iPadTests.swift */ = {isa = PBXFileReference; lastKnownFileType = sourcecode.swift; path = rosy_elephant_iPadTests.swift; sourceTree = "<group>"; };
		33BA11D62BCE4453008166A8 /* rosy_elephant-iPadUITests.xctest */ = {isa = PBXFileReference; explicitFileType = wrapper.cfbundle; includeInIndex = 0; path = "rosy_elephant-iPadUITests.xctest"; sourceTree = BUILT_PRODUCTS_DIR; };
		33BA11DA2BCE4453008166A8 /* rosy_elephant_iPadUITests.swift */ = {isa = PBXFileReference; lastKnownFileType = sourcecode.swift; path = rosy_elephant_iPadUITests.swift; sourceTree = "<group>"; };
		33BA11DC2BCE4453008166A8 /* rosy_elephant_iPadUITestsLaunchTests.swift */ = {isa = PBXFileReference; lastKnownFileType = sourcecode.swift; path = rosy_elephant_iPadUITestsLaunchTests.swift; sourceTree = "<group>"; };
/* End PBXFileReference section */

/* Begin PBXFrameworksBuildPhase section */
		33BA11B32BCE4452008166A8 /* Frameworks */ = {
			isa = PBXFrameworksBuildPhase;
			buildActionMask = 2147483647;
			files = (
			);
			runOnlyForDeploymentPostprocessing = 0;
		};
		33BA11C92BCE4453008166A8 /* Frameworks */ = {
			isa = PBXFrameworksBuildPhase;
			buildActionMask = 2147483647;
			files = (
			);
			runOnlyForDeploymentPostprocessing = 0;
		};
		33BA11D32BCE4453008166A8 /* Frameworks */ = {
			isa = PBXFrameworksBuildPhase;
			buildActionMask = 2147483647;
			files = (
			);
			runOnlyForDeploymentPostprocessing = 0;
		};
/* End PBXFrameworksBuildPhase section */

/* Begin PBXGroup section */
		33BA11AD2BCE4452008166A8 = {
			isa = PBXGroup;
			children = (
				33BA11B82BCE4452008166A8 /* rosy_elephant-iPad */,
				33BA11CF2BCE4453008166A8 /* rosy_elephant-iPadTests */,
				33BA11D92BCE4453008166A8 /* rosy_elephant-iPadUITests */,
				33BA11B72BCE4452008166A8 /* Products */,
			);
			sourceTree = "<group>";
		};
		33BA11B72BCE4452008166A8 /* Products */ = {
			isa = PBXGroup;
			children = (
				33BA11B62BCE4452008166A8 /* rosy_elephant-iPad.app */,
				33BA11CC2BCE4453008166A8 /* rosy_elephant-iPadTests.xctest */,
				33BA11D62BCE4453008166A8 /* rosy_elephant-iPadUITests.xctest */,
			);
			name = Products;
			sourceTree = "<group>";
		};
		33BA11B82BCE4452008166A8 /* rosy_elephant-iPad */ = {
			isa = PBXGroup;
			children = (
				33BA11B92BCE4452008166A8 /* AppDelegate.swift */,
				33BA11BB2BCE4452008166A8 /* SceneDelegate.swift */,
				33BA11BD2BCE4452008166A8 /* ViewController.swift */,
				33BA11BF2BCE4452008166A8 /* Main.storyboard */,
				33BA11C22BCE4453008166A8 /* Assets.xcassets */,
				33BA11C42BCE4453008166A8 /* LaunchScreen.storyboard */,
				33BA11C72BCE4453008166A8 /* Info.plist */,
			);
			path = "rosy_elephant-iPad";
			sourceTree = "<group>";
		};
		33BA11CF2BCE4453008166A8 /* rosy_elephant-iPadTests */ = {
			isa = PBXGroup;
			children = (
				33BA11D02BCE4453008166A8 /* rosy_elephant_iPadTests.swift */,
			);
			path = "rosy_elephant-iPadTests";
			sourceTree = "<group>";
		};
		33BA11D92BCE4453008166A8 /* rosy_elephant-iPadUITests */ = {
			isa = PBXGroup;
			children = (
				33BA11DA2BCE4453008166A8 /* rosy_elephant_iPadUITests.swift */,
				33BA11DC2BCE4453008166A8 /* rosy_elephant_iPadUITestsLaunchTests.swift */,
			);
			path = "rosy_elephant-iPadUITests";
			sourceTree = "<group>";
		};
/* End PBXGroup section */

/* Begin PBXNativeTarget section */
		33BA11B52BCE4452008166A8 /* rosy_elephant-iPad */ = {
			isa = PBXNativeTarget;
			buildConfigurationList = 33BA11E02BCE4453008166A8 /* Build configuration list for PBXNativeTarget "rosy_elephant-iPad" */;
			buildPhases = (
				33BA11B22BCE4452008166A8 /* Sources */,
				33BA11B32BCE4452008166A8 /* Frameworks */,
				33BA11B42BCE4452008166A8 /* Resources */,
			);
			buildRules = (
			);
			dependencies = (
			);
			name = "rosy_elephant-iPad";
			productName = "rosy_elephant-iPad";
			productReference = 33BA11B62BCE4452008166A8 /* rosy_elephant-iPad.app */;
			productType = "com.apple.product-type.application";
		};
		33BA11CB2BCE4453008166A8 /* rosy_elephant-iPadTests */ = {
			isa = PBXNativeTarget;
			buildConfigurationList = 33BA11E32BCE4453008166A8 /* Build configuration list for PBXNativeTarget "rosy_elephant-iPadTests" */;
			buildPhases = (
				33BA11C82BCE4453008166A8 /* Sources */,
				33BA11C92BCE4453008166A8 /* Frameworks */,
				33BA11CA2BCE4453008166A8 /* Resources */,
			);
			buildRules = (
			);
			dependencies = (
				33BA11CE2BCE4453008166A8 /* PBXTargetDependency */,
			);
			name = "rosy_elephant-iPadTests";
			productName = "rosy_elephant-iPadTests";
			productReference = 33BA11CC2BCE4453008166A8 /* rosy_elephant-iPadTests.xctest */;
			productType = "com.apple.product-type.bundle.unit-test";
		};
		33BA11D52BCE4453008166A8 /* rosy_elephant-iPadUITests */ = {
			isa = PBXNativeTarget;
			buildConfigurationList = 33BA11E62BCE4453008166A8 /* Build configuration list for PBXNativeTarget "rosy_elephant-iPadUITests" */;
			buildPhases = (
				33BA11D22BCE4453008166A8 /* Sources */,
				33BA11D32BCE4453008166A8 /* Frameworks */,
				33BA11D42BCE4453008166A8 /* Resources */,
			);
			buildRules = (
			);
			dependencies = (
				33BA11D82BCE4453008166A8 /* PBXTargetDependency */,
			);
			name = "rosy_elephant-iPadUITests";
			productName = "rosy_elephant-iPadUITests";
			productReference = 33BA11D62BCE4453008166A8 /* rosy_elephant-iPadUITests.xctest */;
			productType = "com.apple.product-type.bundle.ui-testing";
		};
/* End PBXNativeTarget section */

/* Begin PBXProject section */
		33BA11AE2BCE4452008166A8 /* Project object */ = {
			isa = PBXProject;
			attributes = {
				BuildIndependentTargetsInParallel = 1;
				LastSwiftUpdateCheck = 1530;
				LastUpgradeCheck = 1530;
				TargetAttributes = {
					33BA11B52BCE4452008166A8 = {
						CreatedOnToolsVersion = 15.3;
					};
					33BA11CB2BCE4453008166A8 = {
						CreatedOnToolsVersion = 15.3;
						TestTargetID = 33BA11B52BCE4452008166A8;
					};
					33BA11D52BCE4453008166A8 = {
						CreatedOnToolsVersion = 15.3;
						TestTargetID = 33BA11B52BCE4452008166A8;
					};
				};
			};
			buildConfigurationList = 33BA11B12BCE4452008166A8 /* Build configuration list for PBXProject "rosy_elephant-iPad" */;
			compatibilityVersion = "Xcode 14.0";
			developmentRegion = en;
			hasScannedForEncodings = 0;
			knownRegions = (
				en,
				Base,
			);
			mainGroup = 33BA11AD2BCE4452008166A8;
			productRefGroup = 33BA11B72BCE4452008166A8 /* Products */;
			projectDirPath = "";
			projectRoot = "";
			targets = (
				33BA11B52BCE4452008166A8 /* rosy_elephant-iPad */,
				33BA11CB2BCE4453008166A8 /* rosy_elephant-iPadTests */,
				33BA11D52BCE4453008166A8 /* rosy_elephant-iPadUITests */,
			);
		};
/* End PBXProject section */

/* Begin PBXResourcesBuildPhase section */
		33BA11B42BCE4452008166A8 /* Resources */ = {
			isa = PBXResourcesBuildPhase;
			buildActionMask = 2147483647;
			files = (
				33BA11C32BCE4453008166A8 /* Assets.xcassets in Resources */,
				33BA11C62BCE4453008166A8 /* Base in Resources */,
				33BA11C12BCE4452008166A8 /* Base in Resources */,
			);
			runOnlyForDeploymentPostprocessing = 0;
		};
		33BA11CA2BCE4453008166A8 /* Resources */ = {
			isa = PBXResourcesBuildPhase;
			buildActionMask = 2147483647;
			files = (
			);
			runOnlyForDeploymentPostprocessing = 0;
		};
		33BA11D42BCE4453008166A8 /* Resources */ = {
			isa = PBXResourcesBuildPhase;
			buildActionMask = 2147483647;
			files = (
			);
			runOnlyForDeploymentPostprocessing = 0;
		};
/* End PBXResourcesBuildPhase section */

/* Begin PBXSourcesBuildPhase section */
		33BA11B22BCE4452008166A8 /* Sources */ = {
			isa = PBXSourcesBuildPhase;
			buildActionMask = 2147483647;
			files = (
				33BA11BE2BCE4452008166A8 /* ViewController.swift in Sources */,
				33BA11BA2BCE4452008166A8 /* AppDelegate.swift in Sources */,
				33BA11BC2BCE4452008166A8 /* SceneDelegate.swift in Sources */,
			);
			runOnlyForDeploymentPostprocessing = 0;
		};
		33BA11C82BCE4453008166A8 /* Sources */ = {
			isa = PBXSourcesBuildPhase;
			buildActionMask = 2147483647;
			files = (
				33BA11D12BCE4453008166A8 /* rosy_elephant_iPadTests.swift in Sources */,
			);
			runOnlyForDeploymentPostprocessing = 0;
		};
		33BA11D22BCE4453008166A8 /* Sources */ = {
			isa = PBXSourcesBuildPhase;
			buildActionMask = 2147483647;
			files = (
				33BA11DD2BCE4453008166A8 /* rosy_elephant_iPadUITestsLaunchTests.swift in Sources */,
				33BA11DB2BCE4453008166A8 /* rosy_elephant_iPadUITests.swift in Sources */,
			);
			runOnlyForDeploymentPostprocessing = 0;
		};
/* End PBXSourcesBuildPhase section */

/* Begin PBXTargetDependency section */
		33BA11CE2BCE4453008166A8 /* PBXTargetDependency */ = {
			isa = PBXTargetDependency;
			target = 33BA11B52BCE4452008166A8 /* rosy_elephant-iPad */;
			targetProxy = 33BA11CD2BCE4453008166A8 /* PBXContainerItemProxy */;
		};
		33BA11D82BCE4453008166A8 /* PBXTargetDependency */ = {
			isa = PBXTargetDependency;
			target = 33BA11B52BCE4452008166A8 /* rosy_elephant-iPad */;
			targetProxy = 33BA11D72BCE4453008166A8 /* PBXContainerItemProxy */;
		};
/* End PBXTargetDependency section */

/* Begin PBXVariantGroup section */
		33BA11BF2BCE4452008166A8 /* Main.storyboard */ = {
			isa = PBXVariantGroup;
			children = (
				33BA11C02BCE4452008166A8 /* Base */,
			);
			name = Main.storyboard;
			sourceTree = "<group>";
		};
		33BA11C42BCE4453008166A8 /* LaunchScreen.storyboard */ = {
			isa = PBXVariantGroup;
			children = (
				33BA11C52BCE4453008166A8 /* Base */,
			);
			name = LaunchScreen.storyboard;
			sourceTree = "<group>";
		};
/* End PBXVariantGroup section */

/* Begin XCBuildConfiguration section */
		33BA11DE2BCE4453008166A8 /* Debug */ = {
			isa = XCBuildConfiguration;
			buildSettings = {
				ALWAYS_SEARCH_USER_PATHS = NO;
				ASSETCATALOG_COMPILER_GENERATE_SWIFT_ASSET_SYMBOL_EXTENSIONS = YES;
				CLANG_ANALYZER_NONNULL = YES;
				CLANG_ANALYZER_NUMBER_OBJECT_CONVERSION = YES_AGGRESSIVE;
				CLANG_CXX_LANGUAGE_STANDARD = "gnu++20";
				CLANG_ENABLE_MODULES = YES;
				CLANG_ENABLE_OBJC_ARC = YES;
				CLANG_ENABLE_OBJC_WEAK = YES;
				CLANG_WARN_BLOCK_CAPTURE_AUTORELEASING = YES;
				CLANG_WARN_BOOL_CONVERSION = YES;
				CLANG_WARN_COMMA = YES;
				CLANG_WARN_CONSTANT_CONVERSION = YES;
				CLANG_WARN_DEPRECATED_OBJC_IMPLEMENTATIONS = YES;
				CLANG_WARN_DIRECT_OBJC_ISA_USAGE = YES_ERROR;
				CLANG_WARN_DOCUMENTATION_COMMENTS = YES;
				CLANG_WARN_EMPTY_BODY = YES;
				CLANG_WARN_ENUM_CONVERSION = YES;
				CLANG_WARN_INFINITE_RECURSION = YES;
				CLANG_WARN_INT_CONVERSION = YES;
				CLANG_WARN_NON_LITERAL_NULL_CONVERSION = YES;
				CLANG_WARN_OBJC_IMPLICIT_RETAIN_SELF = YES;
				CLANG_WARN_OBJC_LITERAL_CONVERSION = YES;
				CLANG_WARN_OBJC_ROOT_CLASS = YES_ERROR;
				CLANG_WARN_QUOTED_INCLUDE_IN_FRAMEWORK_HEADER = YES;
				CLANG_WARN_RANGE_LOOP_ANALYSIS = YES;
				CLANG_WARN_STRICT_PROTOTYPES = YES;
				CLANG_WARN_SUSPICIOUS_MOVE = YES;
				CLANG_WARN_UNGUARDED_AVAILABILITY = YES_AGGRESSIVE;
				CLANG_WARN_UNREACHABLE_CODE = YES;
				CLANG_WARN__DUPLICATE_METHOD_MATCH = YES;
				COPY_PHASE_STRIP = NO;
				DEBUG_INFORMATION_FORMAT = dwarf;
				ENABLE_STRICT_OBJC_MSGSEND = YES;
				ENABLE_TESTABILITY = YES;
				ENABLE_USER_SCRIPT_SANDBOXING = YES;
				GCC_C_LANGUAGE_STANDARD = gnu17;
				GCC_DYNAMIC_NO_PIC = NO;
				GCC_NO_COMMON_BLOCKS = YES;
				GCC_OPTIMIZATION_LEVEL = 0;
				GCC_PREPROCESSOR_DEFINITIONS = (
					"DEBUG=1",
					"$(inherited)",
				);
				GCC_WARN_64_TO_32_BIT_CONVERSION = YES;
				GCC_WARN_ABOUT_RETURN_TYPE = YES_ERROR;
				GCC_WARN_UNDECLARED_SELECTOR = YES;
				GCC_WARN_UNINITIALIZED_AUTOS = YES_AGGRESSIVE;
				GCC_WARN_UNUSED_FUNCTION = YES;
				GCC_WARN_UNUSED_VARIABLE = YES;
				IPHONEOS_DEPLOYMENT_TARGET = 17.4;
				LOCALIZATION_PREFERS_STRING_CATALOGS = YES;
				MTL_ENABLE_DEBUG_INFO = INCLUDE_SOURCE;
				MTL_FAST_MATH = YES;
				ONLY_ACTIVE_ARCH = YES;
				SDKROOT = iphoneos;
				SWIFT_ACTIVE_COMPILATION_CONDITIONS = "DEBUG $(inherited)";
				SWIFT_OPTIMIZATION_LEVEL = "-Onone";
			};
			name = Debug;
		};
		33BA11DF2BCE4453008166A8 /* Release */ = {
			isa = XCBuildConfiguration;
			buildSettings = {
				ALWAYS_SEARCH_USER_PATHS = NO;
				ASSETCATALOG_COMPILER_GENERATE_SWIFT_ASSET_SYMBOL_EXTENSIONS = YES;
				CLANG_ANALYZER_NONNULL = YES;
				CLANG_ANALYZER_NUMBER_OBJECT_CONVERSION = YES_AGGRESSIVE;
				CLANG_CXX_LANGUAGE_STANDARD = "gnu++20";
				CLANG_ENABLE_MODULES = YES;
				CLANG_ENABLE_OBJC_ARC = YES;
				CLANG_ENABLE_OBJC_WEAK = YES;
				CLANG_WARN_BLOCK_CAPTURE_AUTORELEASING = YES;
				CLANG_WARN_BOOL_CONVERSION = YES;
				CLANG_WARN_COMMA = YES;
				CLANG_WARN_CONSTANT_CONVERSION = YES;
				CLANG_WARN_DEPRECATED_OBJC_IMPLEMENTATIONS = YES;
				CLANG_WARN_DIRECT_OBJC_ISA_USAGE = YES_ERROR;
				CLANG_WARN_DOCUMENTATION_COMMENTS = YES;
				CLANG_WARN_EMPTY_BODY = YES;
				CLANG_WARN_ENUM_CONVERSION = YES;
				CLANG_WARN_INFINITE_RECURSION = YES;
				CLANG_WARN_INT_CONVERSION = YES;
				CLANG_WARN_NON_LITERAL_NULL_CONVERSION = YES;
				CLANG_WARN_OBJC_IMPLICIT_RETAIN_SELF = YES;
				CLANG_WARN_OBJC_LITERAL_CONVERSION = YES;
				CLANG_WARN_OBJC_ROOT_CLASS = YES_ERROR;
				CLANG_WARN_QUOTED_INCLUDE_IN_FRAMEWORK_HEADER = YES;
				CLANG_WARN_RANGE_LOOP_ANALYSIS = YES;
				CLANG_WARN_STRICT_PROTOTYPES = YES;
				CLANG_WARN_SUSPICIOUS_MOVE = YES;
				CLANG_WARN_UNGUARDED_AVAILABILITY = YES_AGGRESSIVE;
				CLANG_WARN_UNREACHABLE_CODE = YES;
				CLANG_WARN__DUPLICATE_METHOD_MATCH = YES;
				COPY_PHASE_STRIP = NO;
				DEBUG_INFORMATION_FORMAT = "dwarf-with-dsym";
				ENABLE_NS_ASSERTIONS = NO;
				ENABLE_STRICT_OBJC_MSGSEND = YES;
				ENABLE_USER_SCRIPT_SANDBOXING = YES;
				GCC_C_LANGUAGE_STANDARD = gnu17;
				GCC_NO_COMMON_BLOCKS = YES;
				GCC_WARN_64_TO_32_BIT_CONVERSION = YES;
				GCC_WARN_ABOUT_RETURN_TYPE = YES_ERROR;
				GCC_WARN_UNDECLARED_SELECTOR = YES;
				GCC_WARN_UNINITIALIZED_AUTOS = YES_AGGRESSIVE;
				GCC_WARN_UNUSED_FUNCTION = YES;
				GCC_WARN_UNUSED_VARIABLE = YES;
				IPHONEOS_DEPLOYMENT_TARGET = 17.4;
				LOCALIZATION_PREFERS_STRING_CATALOGS = YES;
				MTL_ENABLE_DEBUG_INFO = NO;
				MTL_FAST_MATH = YES;
				SDKROOT = iphoneos;
				SWIFT_COMPILATION_MODE = wholemodule;
				VALIDATE_PRODUCT = YES;
			};
			name = Release;
		};
		33BA11E12BCE4453008166A8 /* Debug */ = {
			isa = XCBuildConfiguration;
			buildSettings = {
				ASSETCATALOG_COMPILER_APPICON_NAME = AppIcon;
				ASSETCATALOG_COMPILER_GLOBAL_ACCENT_COLOR_NAME = AccentColor;
				CODE_SIGN_STYLE = Automatic;
				CURRENT_PROJECT_VERSION = 1;
				DEVELOPMENT_TEAM = U2KG35WPES;
				GENERATE_INFOPLIST_FILE = YES;
				INFOPLIST_FILE = "rosy_elephant-iPad/Info.plist";
				INFOPLIST_KEY_UIApplicationSupportsIndirectInputEvents = YES;
				INFOPLIST_KEY_UILaunchStoryboardName = LaunchScreen;
				INFOPLIST_KEY_UIMainStoryboardFile = Main;
				INFOPLIST_KEY_UISupportedInterfaceOrientations_iPad = "UIInterfaceOrientationPortrait UIInterfaceOrientationPortraitUpsideDown UIInterfaceOrientationLandscapeLeft UIInterfaceOrientationLandscapeRight";
				INFOPLIST_KEY_UISupportedInterfaceOrientations_iPhone = "UIInterfaceOrientationPortrait UIInterfaceOrientationLandscapeLeft UIInterfaceOrientationLandscapeRight";
				LD_RUNPATH_SEARCH_PATHS = (
					"$(inherited)",
					"@executable_path/Frameworks",
				);
				MARKETING_VERSION = 1.0;
				PRODUCT_BUNDLE_IDENTIFIER = "com.-rosy-elephant.rosy-elephant-iPad";
				PRODUCT_NAME = "$(TARGET_NAME)";
				SWIFT_EMIT_LOC_STRINGS = YES;
				SWIFT_VERSION = 5.0;
				TARGETED_DEVICE_FAMILY = "1,2";
			};
			name = Debug;
		};
		33BA11E22BCE4453008166A8 /* Release */ = {
			isa = XCBuildConfiguration;
			buildSettings = {
				ASSETCATALOG_COMPILER_APPICON_NAME = AppIcon;
				ASSETCATALOG_COMPILER_GLOBAL_ACCENT_COLOR_NAME = AccentColor;
				CODE_SIGN_STYLE = Automatic;
				CURRENT_PROJECT_VERSION = 1;
				DEVELOPMENT_TEAM = U2KG35WPES;
				GENERATE_INFOPLIST_FILE = YES;
				INFOPLIST_FILE = "rosy_elephant-iPad/Info.plist";
				INFOPLIST_KEY_UIApplicationSupportsIndirectInputEvents = YES;
				INFOPLIST_KEY_UILaunchStoryboardName = LaunchScreen;
				INFOPLIST_KEY_UIMainStoryboardFile = Main;
				INFOPLIST_KEY_UISupportedInterfaceOrientations_iPad = "UIInterfaceOrientationPortrait UIInterfaceOrientationPortraitUpsideDown UIInterfaceOrientationLandscapeLeft UIInterfaceOrientationLandscapeRight";
				INFOPLIST_KEY_UISupportedInterfaceOrientations_iPhone = "UIInterfaceOrientationPortrait UIInterfaceOrientationLandscapeLeft UIInterfaceOrientationLandscapeRight";
				LD_RUNPATH_SEARCH_PATHS = (
					"$(inherited)",
					"@executable_path/Frameworks",
				);
				MARKETING_VERSION = 1.0;
				PRODUCT_BUNDLE_IDENTIFIER = "com.-rosy-elephant.rosy-elephant-iPad";
				PRODUCT_NAME = "$(TARGET_NAME)";
				SWIFT_EMIT_LOC_STRINGS = YES;
				SWIFT_VERSION = 5.0;
				TARGETED_DEVICE_FAMILY = "1,2";
			};
			name = Release;
		};
		33BA11E42BCE4453008166A8 /* Debug */ = {
			isa = XCBuildConfiguration;
			buildSettings = {
				ALWAYS_EMBED_SWIFT_STANDARD_LIBRARIES = YES;
				BUNDLE_LOADER = "$(TEST_HOST)";
				CODE_SIGN_STYLE = Automatic;
				CURRENT_PROJECT_VERSION = 1;
				DEVELOPMENT_TEAM = U2KG35WPES;
				GENERATE_INFOPLIST_FILE = YES;
				IPHONEOS_DEPLOYMENT_TARGET = 17.4;
				MARKETING_VERSION = 1.0;
				PRODUCT_BUNDLE_IDENTIFIER = "com.-rosy-elephant.rosy-elephant-iPadTests";
				PRODUCT_NAME = "$(TARGET_NAME)";
				SWIFT_EMIT_LOC_STRINGS = NO;
				SWIFT_VERSION = 5.0;
				TARGETED_DEVICE_FAMILY = "1,2";
				TEST_HOST = "$(BUILT_PRODUCTS_DIR)/rosy_elephant-iPad.app/$(BUNDLE_EXECUTABLE_FOLDER_PATH)/rosy_elephant-iPad";
			};
			name = Debug;
		};
		33BA11E52BCE4453008166A8 /* Release */ = {
			isa = XCBuildConfiguration;
			buildSettings = {
				ALWAYS_EMBED_SWIFT_STANDARD_LIBRARIES = YES;
				BUNDLE_LOADER = "$(TEST_HOST)";
				CODE_SIGN_STYLE = Automatic;
				CURRENT_PROJECT_VERSION = 1;
				DEVELOPMENT_TEAM = U2KG35WPES;
				GENERATE_INFOPLIST_FILE = YES;
				IPHONEOS_DEPLOYMENT_TARGET = 17.4;
				MARKETING_VERSION = 1.0;
				PRODUCT_BUNDLE_IDENTIFIER = "com.-rosy-elephant.rosy-elephant-iPadTests";
				PRODUCT_NAME = "$(TARGET_NAME)";
				SWIFT_EMIT_LOC_STRINGS = NO;
				SWIFT_VERSION = 5.0;
				TARGETED_DEVICE_FAMILY = "1,2";
				TEST_HOST = "$(BUILT_PRODUCTS_DIR)/rosy_elephant-iPad.app/$(BUNDLE_EXECUTABLE_FOLDER_PATH)/rosy_elephant-iPad";
			};
			name = Release;
		};
		33BA11E72BCE4453008166A8 /* Debug */ = {
			isa = XCBuildConfiguration;
			buildSettings = {
				ALWAYS_EMBED_SWIFT_STANDARD_LIBRARIES = YES;
				CODE_SIGN_STYLE = Automatic;
				CURRENT_PROJECT_VERSION = 1;
				DEVELOPMENT_TEAM = U2KG35WPES;
				GENERATE_INFOPLIST_FILE = YES;
				MARKETING_VERSION = 1.0;
				PRODUCT_BUNDLE_IDENTIFIER = "com.-rosy-elephant.rosy-elephant-iPadUITests";
				PRODUCT_NAME = "$(TARGET_NAME)";
				SWIFT_EMIT_LOC_STRINGS = NO;
				SWIFT_VERSION = 5.0;
				TARGETED_DEVICE_FAMILY = "1,2";
				TEST_TARGET_NAME = "rosy_elephant-iPad";
			};
			name = Debug;
		};
		33BA11E82BCE4453008166A8 /* Release */ = {
			isa = XCBuildConfiguration;
			buildSettings = {
				ALWAYS_EMBED_SWIFT_STANDARD_LIBRARIES = YES;
				CODE_SIGN_STYLE = Automatic;
				CURRENT_PROJECT_VERSION = 1;
				DEVELOPMENT_TEAM = U2KG35WPES;
				GENERATE_INFOPLIST_FILE = YES;
				MARKETING_VERSION = 1.0;
				PRODUCT_BUNDLE_IDENTIFIER = "com.-rosy-elephant.rosy-elephant-iPadUITests";
				PRODUCT_NAME = "$(TARGET_NAME)";
				SWIFT_EMIT_LOC_STRINGS = NO;
				SWIFT_VERSION = 5.0;
				TARGETED_DEVICE_FAMILY = "1,2";
				TEST_TARGET_NAME = "rosy_elephant-iPad";
			};
			name = Release;
		};
/* End XCBuildConfiguration section */

/* Begin XCConfigurationList section */
		33BA11B12BCE4452008166A8 /* Build configuration list for PBXProject "rosy_elephant-iPad" */ = {
			isa = XCConfigurationList;
			buildConfigurations = (
				33BA11DE2BCE4453008166A8 /* Debug */,
				33BA11DF2BCE4453008166A8 /* Release */,
			);
			defaultConfigurationIsVisible = 0;
			defaultConfigurationName = Release;
		};
		33BA11E02BCE4453008166A8 /* Build configuration list for PBXNativeTarget "rosy_elephant-iPad" */ = {
			isa = XCConfigurationList;
			buildConfigurations = (
				33BA11E12BCE4453008166A8 /* Debug */,
				33BA11E22BCE4453008166A8 /* Release */,
			);
			defaultConfigurationIsVisible = 0;
			defaultConfigurationName = Release;
		};
		33BA11E32BCE4453008166A8 /* Build configuration list for PBXNativeTarget "rosy_elephant-iPadTests" */ = {
			isa = XCConfigurationList;
			buildConfigurations = (
				33BA11E42BCE4453008166A8 /* Debug */,
				33BA11E52BCE4453008166A8 /* Release */,
			);
			defaultConfigurationIsVisible = 0;
			defaultConfigurationName = Release;
		};
		33BA11E62BCE4453008166A8 /* Build configuration list for PBXNativeTarget "rosy_elephant-iPadUITests" */ = {
			isa = XCConfigurationList;
			buildConfigurations = (
				33BA11E72BCE4453008166A8 /* Debug */,
				33BA11E82BCE4453008166A8 /* Release */,
			);
			defaultConfigurationIsVisible = 0;
			defaultConfigurationName = Release;
		};
/* End XCConfigurationList section */
	};
	rootObject = 33BA11AE2BCE4452008166A8 /* Project object */;
}
